PODS:
  - Alamofire (4.8.2)
  - AlamofireImage (3.5.2):
    - Alamofire (~> 4.8)
  - BoringSSL-GRPC (0.0.2):
    - BoringSSL-GRPC/Implementation (= 0.0.2)
    - BoringSSL-GRPC/Interface (= 0.0.2)
  - BoringSSL-GRPC/Implementation (0.0.2):
    - BoringSSL-GRPC/Interface (= 0.0.2)
  - BoringSSL-GRPC/Interface (0.0.2)
  - Firebase/CoreOnly (5.20.2):
    - FirebaseCore (= 5.4.1)
  - Firebase/Firestore (5.20.2):
    - Firebase/CoreOnly
    - FirebaseFirestore (= 1.2.1)
  - Firebase/Storage (5.20.2):
    - Firebase/CoreOnly
    - FirebaseStorage (= 3.1.1)
  - FirebaseAuthInterop (1.0.0)
  - FirebaseCore (5.4.1):
    - GoogleUtilities/Environment (~> 5.2)
    - GoogleUtilities/Logger (~> 5.2)
  - FirebaseFirestore (1.2.1):
    - FirebaseAuthInterop (~> 1.0)
    - FirebaseCore (~> 5.2)
    - FirebaseFirestore/abseil-cpp (= 1.2.1)
    - "gRPC-C++ (= 0.0.6)"
    - leveldb-library (~> 1.20)
    - nanopb (~> 0.3.901)
    - Protobuf (~> 3.1)
  - FirebaseFirestore/abseil-cpp (1.2.1):
    - FirebaseAuthInterop (~> 1.0)
    - FirebaseCore (~> 5.2)
    - "gRPC-C++ (= 0.0.6)"
    - leveldb-library (~> 1.20)
    - nanopb (~> 0.3.901)
    - Protobuf (~> 3.1)
  - FirebaseStorage (3.1.1):
    - FirebaseAuthInterop (~> 1.0)
    - FirebaseCore (~> 5.2)
    - GTMSessionFetcher/Core (~> 1.1)
  - fluid-slider (1.1.0):
    - pop
  - GoogleUtilities/Environment (5.8.0)
  - GoogleUtilities/Logger (5.8.0):
    - GoogleUtilities/Environment
  - GrowingTextView (0.6.1)
  - "gRPC-C++ (0.0.6)":
    - "gRPC-C++/Implementation (= 0.0.6)"
    - "gRPC-C++/Interface (= 0.0.6)"
  - "gRPC-C++/Implementation (0.0.6)":
    - "gRPC-C++/Interface (= 0.0.6)"
    - gRPC-Core (= 1.17.0)
    - nanopb (~> 0.3)
  - "gRPC-C++/Interface (0.0.6)"
  - gRPC-Core (1.17.0):
    - gRPC-Core/Implementation (= 1.17.0)
    - gRPC-Core/Interface (= 1.17.0)
  - gRPC-Core/Implementation (1.17.0):
    - BoringSSL-GRPC (= 0.0.2)
    - gRPC-Core/Interface (= 1.17.0)
    - nanopb (~> 0.3)
  - gRPC-Core/Interface (1.17.0)
  - GTMSessionFetcher/Core (1.2.1)
  - Instabug (8.2.2)
  - leveldb-library (1.20)
  - nanopb (0.3.901):
    - nanopb/decode (= 0.3.901)
    - nanopb/encode (= 0.3.901)
  - nanopb/decode (0.3.901)
  - nanopb/encode (0.3.901)
  - pop (1.0.12)
  - Protobuf (3.7.0)
  - SJFluidSegmentedControl (1.1.2)
  - UICircularProgressRing (6.2.0)

DEPENDENCIES:
  - AlamofireImage
  - Firebase/Firestore
  - Firebase/Storage
  - fluid-slider
  - GrowingTextView
  - Instabug
  - SJFluidSegmentedControl
  - UICircularProgressRing

SPEC REPOS:
  https://github.com/cocoapods/specs.git:
    - Alamofire
    - AlamofireImage
    - BoringSSL-GRPC
    - Firebase
    - FirebaseAuthInterop
    - FirebaseCore
    - FirebaseFirestore
    - FirebaseStorage
    - fluid-slider
    - GoogleUtilities
    - GrowingTextView
    - "gRPC-C++"
    - gRPC-Core
    - GTMSessionFetcher
    - Instabug
    - leveldb-library
    - nanopb
    - pop
    - Protobuf
    - SJFluidSegmentedControl
    - UICircularProgressRing

SPEC CHECKSUMS:
  Alamofire: ae5c501addb7afdbb13687d7f2f722c78734c2d3
  AlamofireImage: 63cfe3baf1370be6c498149687cf6db3e3b00999
  BoringSSL-GRPC: 2a230d9cd93e7ce39916044f645cebb31f37dde6
  Firebase: 0c8cf33f266410c61ab3e2265cfa412200351d9c
  FirebaseAuthInterop: 0ffa57668be100582bb7643d4fcb7615496c41fc
  FirebaseCore: f1a9a8be1aee4bf71a2fc0f4096df6788bdfda61
  FirebaseFirestore: faca891c0f0d1d6c10c793473e2f6a29d75014b5
  FirebaseStorage: 6162ef4322502b818d9de0ec552f5226d283de43
  fluid-slider: 68037ac7247f16a89f3e24ff5d0167c8eea6f50b
  GoogleUtilities: 04fce34bcd5620c1ee76fb79172105c74a4df335
  GrowingTextView: 335aefa45df7df06b01edede1363414d6ee5d6bc
  "gRPC-C++": e76441995900ac90e9bd98644ab4733f12521edf
  gRPC-Core: 4028031ed2c5267cca0d846c876d8046b1ecb9b6
  GTMSessionFetcher: 32aeca0aa144acea523e1c8e053089dec2cb98ca
  Instabug: bfd57853ad11b4135fbc914cdc77a44286f5eeed
  leveldb-library: 08cba283675b7ed2d99629a4bc5fd052cd2bb6a5
  nanopb: 2901f78ea1b7b4015c860c2fdd1ea2fee1a18d48
  pop: d582054913807fd11fd50bfe6a539d91c7e1a55a
  Protobuf: 7a877b7f3e5964e3fce995e2eb323dbc6831bb5a
  SJFluidSegmentedControl: efd26ea5f0832c715e2750314a2dc0cc81e39ae5
  UICircularProgressRing: 0ff679b05a17f15ad6301a7886686837b8c301a9

PODFILE CHECKSUM: 7ca3553a7a7b3ecbac2536c736772e8a053d1293

COCOAPODS: 1.6.0
